// !$*UTF8*$!
{
	archiveVersion = 1;
	classes = {
	};
	objectVersion = 46;
	objects = {

/* Begin PBXBuildFile section */
		F0AD6B831955510F004FD36C /* AppDelegate.swift in Sources */ = {isa = PBXBuildFile; fileRef = F0AD6B821955510F004FD36C /* AppDelegate.swift */; };
		F0AD6B851955510F004FD36C /* Images.xcassets in Resources */ = {isa = PBXBuildFile; fileRef = F0AD6B841955510F004FD36C /* Images.xcassets */; };
		F0AD6B911955510F004FD36C /* MVExtensionsTests.swift in Sources */ = {isa = PBXBuildFile; fileRef = F0AD6B901955510F004FD36C /* MVExtensionsTests.swift */; };
		F0AD6B9B19555135004FD36C /* MVExtensions.swift in Sources */ = {isa = PBXBuildFile; fileRef = F0AD6B9A19555135004FD36C /* MVExtensions.swift */; };
/* End PBXBuildFile section */

/* Begin PBXContainerItemProxy section */
		F0AD6B8B1955510F004FD36C /* PBXContainerItemProxy */ = {
			isa = PBXContainerItemProxy;
			containerPortal = F0AD6B751955510F004FD36C /* Project object */;
			proxyType = 1;
			remoteGlobalIDString = F0AD6B7C1955510F004FD36C;
			remoteInfo = MVExtensions;
		};
/* End PBXContainerItemProxy section */

/* Begin PBXFileReference section */
		F0AD6B7D1955510F004FD36C /* MVExtensions.app */ = {isa = PBXFileReference; explicitFileType = wrapper.application; includeInIndex = 0; path = MVExtensions.app; sourceTree = BUILT_PRODUCTS_DIR; };
		F0AD6B811955510F004FD36C /* Info.plist */ = {isa = PBXFileReference; lastKnownFileType = text.plist.xml; path = Info.plist; sourceTree = "<group>"; };
		F0AD6B821955510F004FD36C /* AppDelegate.swift */ = {isa = PBXFileReference; lastKnownFileType = sourcecode.swift; path = AppDelegate.swift; sourceTree = "<group>"; };
		F0AD6B841955510F004FD36C /* Images.xcassets */ = {isa = PBXFileReference; lastKnownFileType = folder.assetcatalog; path = Images.xcassets; sourceTree = "<group>"; };
		F0AD6B8A1955510F004FD36C /* MVExtensionsTests.xctest */ = {isa = PBXFileReference; explicitFileType = wrapper.cfbundle; includeInIndex = 0; path = MVExtensionsTests.xctest; sourceTree = BUILT_PRODUCTS_DIR; };
		F0AD6B8F1955510F004FD36C /* Info.plist */ = {isa = PBXFileReference; lastKnownFileType = text.plist.xml; path = Info.plist; sourceTree = "<group>"; };
		F0AD6B901955510F004FD36C /* MVExtensionsTests.swift */ = {isa = PBXFileReference; lastKnownFileType = sourcecode.swift; path = MVExtensionsTests.swift; sourceTree = "<group>"; };
		F0AD6B9A19555135004FD36C /* MVExtensions.swift */ = {isa = PBXFileReference; fileEncoding = 4; lastKnownFileType = sourcecode.swift; path = MVExtensions.swift; sourceTree = "<group>"; };
		F0AD6B9C1955BEC2004FD36C /* MVExtensions.h */ = {isa = PBXFileReference; lastKnownFileType = sourcecode.c.h; path = MVExtensions.h; sourceTree = "<group>"; };
/* End PBXFileReference section */

/* Begin PBXFrameworksBuildPhase section */
		F0AD6B7A1955510F004FD36C /* Frameworks */ = {
			isa = PBXFrameworksBuildPhase;
			buildActionMask = 2147483647;
			files = (
			);
			runOnlyForDeploymentPostprocessing = 0;
		};
		F0AD6B871955510F004FD36C /* Frameworks */ = {
			isa = PBXFrameworksBuildPhase;
			buildActionMask = 2147483647;
			files = (
			);
			runOnlyForDeploymentPostprocessing = 0;
		};
/* End PBXFrameworksBuildPhase section */

/* Begin PBXGroup section */
		F0AD6B741955510F004FD36C = {
			isa = PBXGroup;
			children = (
				F0AD6B7F1955510F004FD36C /* MVExtensions */,
				F0AD6B8D1955510F004FD36C /* MVExtensionsTests */,
				F0AD6B7E1955510F004FD36C /* Products */,
			);
			sourceTree = "<group>";
		};
		F0AD6B7E1955510F004FD36C /* Products */ = {
			isa = PBXGroup;
			children = (
				F0AD6B7D1955510F004FD36C /* MVExtensions.app */,
				F0AD6B8A1955510F004FD36C /* MVExtensionsTests.xctest */,
			);
			name = Products;
			sourceTree = "<group>";
		};
		F0AD6B7F1955510F004FD36C /* MVExtensions */ = {
			isa = PBXGroup;
			children = (
				F0AD6B821955510F004FD36C /* AppDelegate.swift */,
				F0AD6B841955510F004FD36C /* Images.xcassets */,
				F0AD6B801955510F004FD36C /* Supporting Files */,
				F0AD6B9A19555135004FD36C /* MVExtensions.swift */,
				F0AD6B9C1955BEC2004FD36C /* MVExtensions.h */,
			);
			path = MVExtensions;
			sourceTree = "<group>";
		};
		F0AD6B801955510F004FD36C /* Supporting Files */ = {
			isa = PBXGroup;
			children = (
				F0AD6B811955510F004FD36C /* Info.plist */,
			);
			name = "Supporting Files";
			sourceTree = "<group>";
		};
		F0AD6B8D1955510F004FD36C /* MVExtensionsTests */ = {
			isa = PBXGroup;
			children = (
				F0AD6B901955510F004FD36C /* MVExtensionsTests.swift */,
				F0AD6B8E1955510F004FD36C /* Supporting Files */,
			);
			path = MVExtensionsTests;
			sourceTree = "<group>";
		};
		F0AD6B8E1955510F004FD36C /* Supporting Files */ = {
			isa = PBXGroup;
			children = (
				F0AD6B8F1955510F004FD36C /* Info.plist */,
			);
			name = "Supporting Files";
			sourceTree = "<group>";
		};
/* End PBXGroup section */

/* Begin PBXNativeTarget section */
		F0AD6B7C1955510F004FD36C /* MVExtensions */ = {
			isa = PBXNativeTarget;
			buildConfigurationList = F0AD6B941955510F004FD36C /* Build configuration list for PBXNativeTarget "MVExtensions" */;
			buildPhases = (
				F0AD6B791955510F004FD36C /* Sources */,
				F0AD6B7A1955510F004FD36C /* Frameworks */,
				F0AD6B7B1955510F004FD36C /* Resources */,
			);
			buildRules = (
			);
			dependencies = (
			);
			name = MVExtensions;
			productName = MVExtensions;
			productReference = F0AD6B7D1955510F004FD36C /* MVExtensions.app */;
			productType = "com.apple.product-type.application";
		};
		F0AD6B891955510F004FD36C /* MVExtensionsTests */ = {
			isa = PBXNativeTarget;
			buildConfigurationList = F0AD6B971955510F004FD36C /* Build configuration list for PBXNativeTarget "MVExtensionsTests" */;
			buildPhases = (
				F0AD6B861955510F004FD36C /* Sources */,
				F0AD6B871955510F004FD36C /* Frameworks */,
				F0AD6B881955510F004FD36C /* Resources */,
			);
			buildRules = (
			);
			dependencies = (
				F0AD6B8C1955510F004FD36C /* PBXTargetDependency */,
			);
			name = MVExtensionsTests;
			productName = MVExtensionsTests;
			productReference = F0AD6B8A1955510F004FD36C /* MVExtensionsTests.xctest */;
			productType = "com.apple.product-type.bundle.unit-test";
		};
/* End PBXNativeTarget section */

/* Begin PBXProject section */
		F0AD6B751955510F004FD36C /* Project object */ = {
			isa = PBXProject;
			attributes = {
				LastUpgradeCheck = 0600;
				ORGANIZATIONNAME = "Michael Vu";
				TargetAttributes = {
					F0AD6B7C1955510F004FD36C = {
						CreatedOnToolsVersion = 6.0;
					};
					F0AD6B891955510F004FD36C = {
						CreatedOnToolsVersion = 6.0;
						TestTargetID = F0AD6B7C1955510F004FD36C;
					};
				};
			};
			buildConfigurationList = F0AD6B781955510F004FD36C /* Build configuration list for PBXProject "MVExtensions" */;
			compatibilityVersion = "Xcode 3.2";
			developmentRegion = English;
			hasScannedForEncodings = 0;
			knownRegions = (
				en,
			);
			mainGroup = F0AD6B741955510F004FD36C;
			productRefGroup = F0AD6B7E1955510F004FD36C /* Products */;
			projectDirPath = "";
			projectRoot = "";
			targets = (
				F0AD6B7C1955510F004FD36C /* MVExtensions */,
				F0AD6B891955510F004FD36C /* MVExtensionsTests */,
			);
		};
/* End PBXProject section */

/* Begin PBXResourcesBuildPhase section */
		F0AD6B7B1955510F004FD36C /* Resources */ = {
			isa = PBXResourcesBuildPhase;
			buildActionMask = 2147483647;
			files = (
				F0AD6B851955510F004FD36C /* Images.xcassets in Resources */,
			);
			runOnlyForDeploymentPostprocessing = 0;
		};
		F0AD6B881955510F004FD36C /* Resources */ = {
			isa = PBXResourcesBuildPhase;
			buildActionMask = 2147483647;
			files = (
			);
			runOnlyForDeploymentPostprocessing = 0;
		};
/* End PBXResourcesBuildPhase section */

/* Begin PBXSourcesBuildPhase section */
		F0AD6B791955510F004FD36C /* Sources */ = {
			isa = PBXSourcesBuildPhase;
			buildActionMask = 2147483647;
			files = (
				F0AD6B9B19555135004FD36C /* MVExtensions.swift in Sources */,
				F0AD6B831955510F004FD36C /* AppDelegate.swift in Sources */,
			);
			runOnlyForDeploymentPostprocessing = 0;
		};
		F0AD6B861955510F004FD36C /* Sources */ = {
			isa = PBXSourcesBuildPhase;
			buildActionMask = 2147483647;
			files = (
				F0AD6B911955510F004FD36C /* MVExtensionsTests.swift in Sources */,
			);
			runOnlyForDeploymentPostprocessing = 0;
		};
/* End PBXSourcesBuildPhase section */

/* Begin PBXTargetDependency section */
		F0AD6B8C1955510F004FD36C /* PBXTargetDependency */ = {
			isa = PBXTargetDependency;
			target = F0AD6B7C1955510F004FD36C /* MVExtensions */;
			targetProxy = F0AD6B8B1955510F004FD36C /* PBXContainerItemProxy */;
		};
/* End PBXTargetDependency section */

/* Begin XCBuildConfiguration section */
		F0AD6B921955510F004FD36C /* Debug */ = {
			isa = XCBuildConfiguration;
			buildSettings = {
				ALWAYS_SEARCH_USER_PATHS = NO;
				CLANG_CXX_LANGUAGE_STANDARD = "gnu++0x";
				CLANG_CXX_LIBRARY = "libc++";
				CLANG_ENABLE_MODULES = YES;
				CLANG_ENABLE_OBJC_ARC = YES;
				CLANG_WARN_BOOL_CONVERSION = YES;
				CLANG_WARN_CONSTANT_CONVERSION = YES;
				CLANG_WARN_DIRECT_OBJC_ISA_USAGE = YES_ERROR;
				CLANG_WARN_EMPTY_BODY = YES;
				CLANG_WARN_ENUM_CONVERSION = YES;
				CLANG_WARN_INT_CONVERSION = YES;
				CLANG_WARN_OBJC_ROOT_CLASS = YES_ERROR;
				CLANG_WARN_UNREACHABLE_CODE = YES;
				CLANG_WARN__DUPLICATE_METHOD_MATCH = YES;
				"CODE_SIGN_IDENTITY[sdk=iphoneos*]" = "iPhone Developer";
				COPY_PHASE_STRIP = NO;
				ENABLE_STRICT_OBJC_MSGSEND = YES;
				GCC_C_LANGUAGE_STANDARD = gnu99;
				GCC_DYNAMIC_NO_PIC = NO;
				GCC_OPTIMIZATION_LEVEL = 0;
				GCC_PREPROCESSOR_DEFINITIONS = (
					"DEBUG=1",
					"$(inherited)",
				);
				GCC_SYMBOLS_PRIVATE_EXTERN = NO;
				GCC_WARN_64_TO_32_BIT_CONVERSION = YES;
				GCC_WARN_ABOUT_RETURN_TYPE = YES_ERROR;
				GCC_WARN_UNDECLARED_SELECTOR = YES;
				GCC_WARN_UNINITIALIZED_AUTOS = YES_AGGRESSIVE;
				GCC_WARN_UNUSED_FUNCTION = YES;
				GCC_WARN_UNUSED_VARIABLE = YES;
				IPHONEOS_DEPLOYMENT_TARGET = 8.0;
				METAL_ENABLE_DEBUG_INFO = YES;
				ONLY_ACTIVE_ARCH = YES;
				SDKROOT = iphoneos;
				SWIFT_OPTIMIZATION_LEVEL = "-Onone";
			};
			name = Debug;
		};
		F0AD6B931955510F004FD36C /* Release */ = {
			isa = XCBuildConfiguration;
			buildSettings = {
				ALWAYS_SEARCH_USER_PATHS = NO;
				CLANG_CXX_LANGUAGE_STANDARD = "gnu++0x";
				CLANG_CXX_LIBRARY = "libc++";
				CLANG_ENABLE_MODULES = YES;
				CLANG_ENABLE_OBJC_ARC = YES;
				CLANG_WARN_BOOL_CONVERSION = YES;
				CLANG_WARN_CONSTANT_CONVERSION = YES;
				CLANG_WARN_DIRECT_OBJC_ISA_USAGE = YES_ERROR;
				CLANG_WARN_EMPTY_BODY = YES;
				CLANG_WARN_ENUM_CONVERSION = YES;
				CLANG_WARN_INT_CONVERSION = YES;
				CLANG_WARN_OBJC_ROOT_CLASS = YES_ERROR;
				CLANG_WARN_UNREACHABLE_CODE = YES;
				CLANG_WARN__DUPLICATE_METHOD_MATCH = YES;
				"CODE_SIGN_IDENTITY[sdk=iphoneos*]" = "iPhone Developer";
				COPY_PHASE_STRIP = YES;
				ENABLE_NS_ASSERTIONS = NO;
				ENABLE_STRICT_OBJC_MSGSEND = YES;
				GCC_C_LANGUAGE_STANDARD = gnu99;
				GCC_WARN_64_TO_32_BIT_CONVERSION = YES;
				GCC_WARN_ABOUT_RETURN_TYPE = YES_ERROR;
				GCC_WARN_UNDECLARED_SELECTOR = YES;
				GCC_WARN_UNINITIALIZED_AUTOS = YES_AGGRESSIVE;
				GCC_WARN_UNUSED_FUNCTION = YES;
				GCC_WARN_UNUSED_VARIABLE = YES;
				IPHONEOS_DEPLOYMENT_TARGET = 8.0;
				METAL_ENABLE_DEBUG_INFO = NO;
				SDKROOT = iphoneos;
				VALIDATE_PRODUCT = YES;
			};
			name = Release;
		};
		F0AD6B951955510F004FD36C /* Debug */ = {
			isa = XCBuildConfiguration;
			buildSettings = {
				ASSETCATALOG_COMPILER_APPICON_NAME = AppIcon;
				ASSETCATALOG_COMPILER_LAUNCHIMAGE_NAME = LaunchImage;
				INFOPLIST_FILE = MVExtensions/Info.plist;
				LD_RUNPATH_SEARCH_PATHS = "$(inherited) @executable_path/Frameworks";
				PRODUCT_NAME = "$(TARGET_NAME)";
			};
			name = Debug;
		};
		F0AD6B961955510F004FD36C /* Release */ = {
			isa = XCBuildConfiguration;
			buildSettings = {
				ASSETCATALOG_COMPILER_APPICON_NAME = AppIcon;
				ASSETCATALOG_COMPILER_LAUNCHIMAGE_NAME = LaunchImage;
				INFOPLIST_FILE = MVExtensions/Info.plist;
				LD_RUNPATH_SEARCH_PATHS = "$(inherited) @executable_path/Frameworks";
				PRODUCT_NAME = "$(TARGET_NAME)";
			};
			name = Release;
		};
		F0AD6B981955510F004FD36C /* Debug */ = {
			isa = XCBuildConfiguration;
			buildSettings = {
				BUNDLE_LOADER = "$(BUILT_PRODUCTS_DIR)/MVExtensions.app/MVExtensions";
				FRAMEWORK_SEARCH_PATHS = (
					"$(SDKROOT)/Developer/Library/Frameworks",
					"$(inherited)",
				);
				GCC_PREPROCESSOR_DEFINITIONS = (
					"DEBUG=1",
					"$(inherited)",
				);
				INFOPLIST_FILE = MVExtensionsTests/Info.plist;
				LD_RUNPATH_SEARCH_PATHS = "$(inherited) @executable_path/Frameworks @loader_path/Frameworks";
				METAL_ENABLE_DEBUG_INFO = YES;
				PRODUCT_NAME = "$(TARGET_NAME)";
				TEST_HOST = "$(BUNDLE_LOADER)";
			};
			name = Debug;
		};
		F0AD6B991955510F004FD36C /* Release */ = {
			isa = XCBuildConfiguration;
			buildSettings = {
				BUNDLE_LOADER = "$(BUILT_PRODUCTS_DIR)/MVExtensions.app/MVExtensions";
				FRAMEWORK_SEARCH_PATHS = (
					"$(SDKROOT)/Developer/Library/Frameworks",
					"$(inherited)",
				);
				INFOPLIST_FILE = MVExtensionsTests/Info.plist;
				LD_RUNPATH_SEARCH_PATHS = "$(inherited) @executable_path/Frameworks @loader_path/Frameworks";
				METAL_ENABLE_DEBUG_INFO = NO;
				PRODUCT_NAME = "$(TARGET_NAME)";
				TEST_HOST = "$(BUNDLE_LOADER)";
			};
			name = Release;
		};
/* End XCBuildConfiguration section */

/* Begin XCConfigurationList section */
		F0AD6B781955510F004FD36C /* Build configuration list for PBXProject "MVExtensions" */ = {
			isa = XCConfigurationList;
			buildConfigurations = (
				F0AD6B921955510F004FD36C /* Debug */,
				F0AD6B931955510F004FD36C /* Release */,
			);
			defaultConfigurationIsVisible = 0;
			defaultConfigurationName = Release;
		};
		F0AD6B941955510F004FD36C /* Build configuration list for PBXNativeTarget "MVExtensions" */ = {
			isa = XCConfigurationList;
			buildConfigurations = (
				F0AD6B951955510F004FD36C /* Debug */,
				F0AD6B961955510F004FD36C /* Release */,
			);
			defaultConfigurationIsVisible = 0;
			defaultConfigurationName = Release;
		};
		F0AD6B971955510F004FD36C /* Build configuration list for PBXNativeTarget "MVExtensionsTests" */ = {
			isa = XCConfigurationList;
			buildConfigurations = (
				F0AD6B981955510F004FD36C /* Debug */,
				F0AD6B991955510F004FD36C /* Release */,
			);
			defaultConfigurationIsVisible = 0;
			defaultConfigurationName = Release;
		};
/* End XCConfigurationList section */
	};
	rootObject = F0AD6B751955510F004FD36C /* Project object */;
}
